// !$*UTF8*$!
{
	archiveVersion = 1;
	classes = {
	};
	objectVersion = 46;
	objects = {

/* Begin PBXBuildFile section */
		FE01B20D1F772321004737D5 /* AppDelegate.swift in Sources */ = {isa = PBXBuildFile; fileRef = FE01B20C1F772321004737D5 /* AppDelegate.swift */; };
		FE01B2131F772321004737D5 /* GameScene.swift in Sources */ = {isa = PBXBuildFile; fileRef = FE01B2121F772321004737D5 /* GameScene.swift */; };
		FE01B2151F772321004737D5 /* GameViewController.swift in Sources */ = {isa = PBXBuildFile; fileRef = FE01B2141F772321004737D5 /* GameViewController.swift */; };
		FE01B2181F772321004737D5 /* Main.storyboard in Resources */ = {isa = PBXBuildFile; fileRef = FE01B2161F772321004737D5 /* Main.storyboard */; };
		FE01B21A1F772321004737D5 /* Assets.xcassets in Resources */ = {isa = PBXBuildFile; fileRef = FE01B2191F772321004737D5 /* Assets.xcassets */; };
		FE01B21D1F772321004737D5 /* LaunchScreen.storyboard in Resources */ = {isa = PBXBuildFile; fileRef = FE01B21B1F772321004737D5 /* LaunchScreen.storyboard */; };
		FE01B2251F77247F004737D5 /* Conf.swift in Sources */ = {isa = PBXBuildFile; fileRef = FE01B2241F77247F004737D5 /* Conf.swift */; };
		FE01B2271F77249A004737D5 /* Game.swift in Sources */ = {isa = PBXBuildFile; fileRef = FE01B2261F77249A004737D5 /* Game.swift */; };
		FE01B22D1F772556004737D5 /* clear.wav in Resources */ = {isa = PBXBuildFile; fileRef = FE01B2281F772556004737D5 /* clear.wav */; };
		FE01B22E1F772556004737D5 /* land.wav in Resources */ = {isa = PBXBuildFile; fileRef = FE01B2291F772556004737D5 /* land.wav */; };
		FE01B22F1F772556004737D5 /* move.wav in Resources */ = {isa = PBXBuildFile; fileRef = FE01B22A1F772556004737D5 /* move.wav */; };
		FE01B2301F772556004737D5 /* over.wav in Resources */ = {isa = PBXBuildFile; fileRef = FE01B22B1F772556004737D5 /* over.wav */; };
		FE01B2311F772556004737D5 /* rotate.wav in Resources */ = {isa = PBXBuildFile; fileRef = FE01B22C1F772556004737D5 /* rotate.wav */; };
		FE01B2341F7725AE004737D5 /* UIColor.swift in Sources */ = {isa = PBXBuildFile; fileRef = FE01B2331F7725AE004737D5 /* UIColor.swift */; };
/* End PBXBuildFile section */

/* Begin PBXFileReference section */
		FE01B2091F772321004737D5 /* Tetris.app */ = {isa = PBXFileReference; explicitFileType = wrapper.application; includeInIndex = 0; path = Tetris.app; sourceTree = BUILT_PRODUCTS_DIR; };
		FE01B20C1F772321004737D5 /* AppDelegate.swift */ = {isa = PBXFileReference; lastKnownFileType = sourcecode.swift; path = AppDelegate.swift; sourceTree = "<group>"; };
		FE01B2121F772321004737D5 /* GameScene.swift */ = {isa = PBXFileReference; lastKnownFileType = sourcecode.swift; path = GameScene.swift; sourceTree = "<group>"; };
		FE01B2141F772321004737D5 /* GameViewController.swift */ = {isa = PBXFileReference; lastKnownFileType = sourcecode.swift; path = GameViewController.swift; sourceTree = "<group>"; };
		FE01B2171F772321004737D5 /* Base */ = {isa = PBXFileReference; lastKnownFileType = file.storyboard; name = Base; path = Base.lproj/Main.storyboard; sourceTree = "<group>"; };
		FE01B2191F772321004737D5 /* Assets.xcassets */ = {isa = PBXFileReference; lastKnownFileType = folder.assetcatalog; path = Assets.xcassets; sourceTree = "<group>"; };
		FE01B21C1F772321004737D5 /* Base */ = {isa = PBXFileReference; lastKnownFileType = file.storyboard; name = Base; path = Base.lproj/LaunchScreen.storyboard; sourceTree = "<group>"; };
		FE01B21E1F772321004737D5 /* Info.plist */ = {isa = PBXFileReference; lastKnownFileType = text.plist.xml; path = Info.plist; sourceTree = "<group>"; };
		FE01B2241F77247F004737D5 /* Conf.swift */ = {isa = PBXFileReference; fileEncoding = 4; lastKnownFileType = sourcecode.swift; path = Conf.swift; sourceTree = "<group>"; };
		FE01B2261F77249A004737D5 /* Game.swift */ = {isa = PBXFileReference; fileEncoding = 4; lastKnownFileType = sourcecode.swift; path = Game.swift; sourceTree = "<group>"; };
		FE01B2281F772556004737D5 /* clear.wav */ = {isa = PBXFileReference; lastKnownFileType = audio.wav; path = clear.wav; sourceTree = "<group>"; };
		FE01B2291F772556004737D5 /* land.wav */ = {isa = PBXFileReference; lastKnownFileType = audio.wav; path = land.wav; sourceTree = "<group>"; };
		FE01B22A1F772556004737D5 /* move.wav */ = {isa = PBXFileReference; lastKnownFileType = audio.wav; path = move.wav; sourceTree = "<group>"; };
		FE01B22B1F772556004737D5 /* over.wav */ = {isa = PBXFileReference; lastKnownFileType = audio.wav; path = over.wav; sourceTree = "<group>"; };
		FE01B22C1F772556004737D5 /* rotate.wav */ = {isa = PBXFileReference; lastKnownFileType = audio.wav; path = rotate.wav; sourceTree = "<group>"; };
		FE01B2331F7725AE004737D5 /* UIColor.swift */ = {isa = PBXFileReference; fileEncoding = 4; lastKnownFileType = sourcecode.swift; path = UIColor.swift; sourceTree = "<group>"; };
/* End PBXFileReference section */

/* Begin PBXFrameworksBuildPhase section */
		FE01B2061F772321004737D5 /* Frameworks */ = {
			isa = PBXFrameworksBuildPhase;
			buildActionMask = 2147483647;
			files = (
			);
			runOnlyForDeploymentPostprocessing = 0;
		};
/* End PBXFrameworksBuildPhase section */

/* Begin PBXGroup section */
		FE01B2001F772321004737D5 = {
			isa = PBXGroup;
			children = (
				FE01B20B1F772321004737D5 /* Tetris */,
				FE01B20A1F772321004737D5 /* Products */,
			);
			sourceTree = "<group>";
		};
		FE01B20A1F772321004737D5 /* Products */ = {
			isa = PBXGroup;
			children = (
				FE01B2091F772321004737D5 /* Tetris.app */,
			);
			name = Products;
			sourceTree = "<group>";
		};
		FE01B20B1F772321004737D5 /* Tetris */ = {
			isa = PBXGroup;
			children = (
				FE01B2321F77259B004737D5 /* Extensions */,
				FE01B20C1F772321004737D5 /* AppDelegate.swift */,
				FE01B2121F772321004737D5 /* GameScene.swift */,
				FE01B2141F772321004737D5 /* GameViewController.swift */,
				FE01B2161F772321004737D5 /* Main.storyboard */,
				FE01B2191F772321004737D5 /* Assets.xcassets */,
				FE01B21B1F772321004737D5 /* LaunchScreen.storyboard */,
				FE01B21E1F772321004737D5 /* Info.plist */,
				FE01B2241F77247F004737D5 /* Conf.swift */,
				FE01B2261F77249A004737D5 /* Game.swift */,
				FE01B2281F772556004737D5 /* clear.wav */,
				FE01B2291F772556004737D5 /* land.wav */,
				FE01B22A1F772556004737D5 /* move.wav */,
				FE01B22B1F772556004737D5 /* over.wav */,
				FE01B22C1F772556004737D5 /* rotate.wav */,
			);
			path = Tetris;
			sourceTree = "<group>";
		};
		FE01B2321F77259B004737D5 /* Extensions */ = {
			isa = PBXGroup;
			children = (
				FE01B2331F7725AE004737D5 /* UIColor.swift */,
			);
			name = Extensions;
			sourceTree = "<group>";
		};
/* End PBXGroup section */

/* Begin PBXNativeTarget section */
		FE01B2081F772321004737D5 /* Tetris */ = {
			isa = PBXNativeTarget;
			buildConfigurationList = FE01B2211F772321004737D5 /* Build configuration list for PBXNativeTarget "Tetris" */;
			buildPhases = (
				FE01B2051F772321004737D5 /* Sources */,
				FE01B2061F772321004737D5 /* Frameworks */,
				FE01B2071F772321004737D5 /* Resources */,
			);
			buildRules = (
			);
			dependencies = (
			);
			name = Tetris;
			productName = Tetris;
			productReference = FE01B2091F772321004737D5 /* Tetris.app */;
			productType = "com.apple.product-type.application";
		};
/* End PBXNativeTarget section */

/* Begin PBXProject section */
		FE01B2011F772321004737D5 /* Project object */ = {
			isa = PBXProject;
			attributes = {
				LastSwiftUpdateCheck = 0830;
				LastUpgradeCheck = 0900;
				ORGANIZATIONNAME = "Yicha Ding";
				TargetAttributes = {
					FE01B2081F772321004737D5 = {
						CreatedOnToolsVersion = 8.3.3;
						DevelopmentTeam = M7BNZ8D6QY;
						LastSwiftMigration = 0900;
						ProvisioningStyle = Automatic;
					};
				};
			};
			buildConfigurationList = FE01B2041F772321004737D5 /* Build configuration list for PBXProject "Tetris" */;
			compatibilityVersion = "Xcode 3.2";
			developmentRegion = English;
			hasScannedForEncodings = 0;
			knownRegions = (
				en,
				Base,
			);
			mainGroup = FE01B2001F772321004737D5;
			productRefGroup = FE01B20A1F772321004737D5 /* Products */;
			projectDirPath = "";
			projectRoot = "";
			targets = (
				FE01B2081F772321004737D5 /* Tetris */,
			);
		};
/* End PBXProject section */

/* Begin PBXResourcesBuildPhase section */
		FE01B2071F772321004737D5 /* Resources */ = {
			isa = PBXResourcesBuildPhase;
			buildActionMask = 2147483647;
			files = (
				FE01B22E1F772556004737D5 /* land.wav in Resources */,
				FE01B2301F772556004737D5 /* over.wav in Resources */,
				FE01B22D1F772556004737D5 /* clear.wav in Resources */,
				FE01B2181F772321004737D5 /* Main.storyboard in Resources */,
				FE01B22F1F772556004737D5 /* move.wav in Resources */,
				FE01B2311F772556004737D5 /* rotate.wav in Resources */,
				FE01B21A1F772321004737D5 /* Assets.xcassets in Resources */,
				FE01B21D1F772321004737D5 /* LaunchScreen.storyboard in Resources */,
			);
			runOnlyForDeploymentPostprocessing = 0;
		};
/* End PBXResourcesBuildPhase section */

/* Begin PBXSourcesBuildPhase section */
		FE01B2051F772321004737D5 /* Sources */ = {
			isa = PBXSourcesBuildPhase;
			buildActionMask = 2147483647;
			files = (
				FE01B2131F772321004737D5 /* GameScene.swift in Sources */,
				FE01B2341F7725AE004737D5 /* UIColor.swift in Sources */,
				FE01B2271F77249A004737D5 /* Game.swift in Sources */,
				FE01B2151F772321004737D5 /* GameViewController.swift in Sources */,
				FE01B20D1F772321004737D5 /* AppDelegate.swift in Sources */,
				FE01B2251F77247F004737D5 /* Conf.swift in Sources */,
			);
			runOnlyForDeploymentPostprocessing = 0;
		};
/* End PBXSourcesBuildPhase section */

/* Begin PBXVariantGroup section */
		FE01B2161F772321004737D5 /* Main.storyboard */ = {
			isa = PBXVariantGroup;
			children = (
				FE01B2171F772321004737D5 /* Base */,
			);
			name = Main.storyboard;
			sourceTree = "<group>";
		};
		FE01B21B1F772321004737D5 /* LaunchScreen.storyboard */ = {
			isa = PBXVariantGroup;
			children = (
				FE01B21C1F772321004737D5 /* Base */,
			);
			name = LaunchScreen.storyboard;
			sourceTree = "<group>";
		};
/* End PBXVariantGroup section */

/* Begin XCBuildConfiguration section */
		FE01B21F1F772321004737D5 /* Debug */ = {
			isa = XCBuildConfiguration;
			buildSettings = {
				ALWAYS_SEARCH_USER_PATHS = NO;
				CLANG_ANALYZER_NONNULL = YES;
				CLANG_ANALYZER_NUMBER_OBJECT_CONVERSION = YES_AGGRESSIVE;
				CLANG_CXX_LANGUAGE_STANDARD = "gnu++0x";
				CLANG_CXX_LIBRARY = "libc++";
				CLANG_ENABLE_MODULES = YES;
				CLANG_ENABLE_OBJC_ARC = YES;
				CLANG_WARN_BLOCK_CAPTURE_AUTORELEASING = YES;
				CLANG_WARN_BOOL_CONVERSION = YES;
				CLANG_WARN_COMMA = YES;
				CLANG_WARN_CONSTANT_CONVERSION = YES;
				CLANG_WARN_DIRECT_OBJC_ISA_USAGE = YES_ERROR;
				CLANG_WARN_DOCUMENTATION_COMMENTS = YES;
				CLANG_WARN_EMPTY_BODY = YES;
				CLANG_WARN_ENUM_CONVERSION = YES;
				CLANG_WARN_INFINITE_RECURSION = YES;
				CLANG_WARN_INT_CONVERSION = YES;
				CLANG_WARN_NON_LITERAL_NULL_CONVERSION = YES;
				CLANG_WARN_OBJC_LITERAL_CONVERSION = YES;
				CLANG_WARN_OBJC_ROOT_CLASS = YES_ERROR;
				CLANG_WARN_RANGE_LOOP_ANALYSIS = YES;
				CLANG_WARN_STRICT_PROTOTYPES = YES;
				CLANG_WARN_SUSPICIOUS_MOVE = YES;
				CLANG_WARN_UNREACHABLE_CODE = YES;
				CLANG_WARN__DUPLICATE_METHOD_MATCH = YES;
				"CODE_SIGN_IDENTITY[sdk=iphoneos*]" = "iPhone Developer";
				COPY_PHASE_STRIP = NO;
				DEBUG_INFORMATION_FORMAT = dwarf;
				ENABLE_STRICT_OBJC_MSGSEND = YES;
				ENABLE_TESTABILITY = YES;
				GCC_C_LANGUAGE_STANDARD = gnu99;
				GCC_DYNAMIC_NO_PIC = NO;
				GCC_NO_COMMON_BLOCKS = YES;
				GCC_OPTIMIZATION_LEVEL = 0;
				GCC_PREPROCESSOR_DEFINITIONS = (
					"DEBUG=1",
					"$(inherited)",
				);
				GCC_WARN_64_TO_32_BIT_CONVERSION = YES;
				GCC_WARN_ABOUT_RETURN_TYPE = YES_ERROR;
				GCC_WARN_UNDECLARED_SELECTOR = YES;
				GCC_WARN_UNINITIALIZED_AUTOS = YES_AGGRESSIVE;
				GCC_WARN_UNUSED_FUNCTION = YES;
				GCC_WARN_UNUSED_VARIABLE = YES;
				IPHONEOS_DEPLOYMENT_TARGET = 11.0;
				MTL_ENABLE_DEBUG_INFO = YES;
				ONLY_ACTIVE_ARCH = YES;
				SDKROOT = iphoneos;
				SWIFT_ACTIVE_COMPILATION_CONDITIONS = DEBUG;
				SWIFT_OPTIMIZATION_LEVEL = "-Onone";
				SWIFT_SWIFT3_OBJC_INFERENCE = Off;
				TARGETED_DEVICE_FAMILY = "1,2";
			};
			name = Debug;
		};
		FE01B2201F772321004737D5 /* Release */ = {
			isa = XCBuildConfiguration;
			buildSettings = {
				ALWAYS_SEARCH_USER_PATHS = NO;
				CLANG_ANALYZER_NONNULL = YES;
				CLANG_ANALYZER_NUMBER_OBJECT_CONVERSION = YES_AGGRESSIVE;
				CLANG_CXX_LANGUAGE_STANDARD = "gnu++0x";
				CLANG_CXX_LIBRARY = "libc++";
				CLANG_ENABLE_MODULES = YES;
				CLANG_ENABLE_OBJC_ARC = YES;
				CLANG_WARN_BLOCK_CAPTURE_AUTORELEASING = YES;
				CLANG_WARN_BOOL_CONVERSION = YES;
				CLANG_WARN_COMMA = YES;
				CLANG_WARN_CONSTANT_CONVERSION = YES;
				CLANG_WARN_DIRECT_OBJC_ISA_USAGE = YES_ERROR;
				CLANG_WARN_DOCUMENTATION_COMMENTS = YES;
				CLANG_WARN_EMPTY_BODY = YES;
				CLANG_WARN_ENUM_CONVERSION = YES;
				CLANG_WARN_INFINITE_RECURSION = YES;
				CLANG_WARN_INT_CONVERSION = YES;
				CLANG_WARN_NON_LITERAL_NULL_CONVERSION = YES;
				CLANG_WARN_OBJC_LITERAL_CONVERSION = YES;
				CLANG_WARN_OBJC_ROOT_CLASS = YES_ERROR;
				CLANG_WARN_RANGE_LOOP_ANALYSIS = YES;
				CLANG_WARN_STRICT_PROTOTYPES = YES;
				CLANG_WARN_SUSPICIOUS_MOVE = YES;
				CLANG_WARN_UNREACHABLE_CODE = YES;
				CLANG_WARN__DUPLICATE_METHOD_MATCH = YES;
				"CODE_SIGN_IDENTITY[sdk=iphoneos*]" = "iPhone Developer";
				COPY_PHASE_STRIP = NO;
				DEBUG_INFORMATION_FORMAT = "dwarf-with-dsym";
				ENABLE_NS_ASSERTIONS = NO;
				ENABLE_STRICT_OBJC_MSGSEND = YES;
				GCC_C_LANGUAGE_STANDARD = gnu99;
				GCC_NO_COMMON_BLOCKS = YES;
				GCC_WARN_64_TO_32_BIT_CONVERSION = YES;
				GCC_WARN_ABOUT_RETURN_TYPE = YES_ERROR;
				GCC_WARN_UNDECLARED_SELECTOR = YES;
				GCC_WARN_UNINITIALIZED_AUTOS = YES_AGGRESSIVE;
				GCC_WARN_UNUSED_FUNCTION = YES;
				GCC_WARN_UNUSED_VARIABLE = YES;
				IPHONEOS_DEPLOYMENT_TARGET = 11.0;
				MTL_ENABLE_DEBUG_INFO = NO;
				SDKROOT = iphoneos;
				SWIFT_OPTIMIZATION_LEVEL = "-Owholemodule";
				SWIFT_SWIFT3_OBJC_INFERENCE = Off;
				TARGETED_DEVICE_FAMILY = "1,2";
				VALIDATE_PRODUCT = YES;
			};
			name = Release;
		};
		FE01B2221F772321004737D5 /* Debug */ = {
			isa = XCBuildConfiguration;
			buildSettings = {
				ASSETCATALOG_COMPILER_APPICON_NAME = AppIcon;
				DEVELOPMENT_TEAM = M7BNZ8D6QY;
				INFOPLIST_FILE = Tetris/Info.plist;
				LD_RUNPATH_SEARCH_PATHS = "$(inherited) @executable_path/Frameworks";
				PRODUCT_BUNDLE_IDENTIFIER = com.yizha.Tetris;
				PRODUCT_NAME = "$(TARGET_NAME)";
				SWIFT_SWIFT3_OBJC_INFERENCE = Off;
				SWIFT_VERSION = 4.0;
			};
			name = Debug;
		};
		FE01B2231F772321004737D5 /* Release */ = {
			isa = XCBuildConfiguration;
			buildSettings = {
				ASSETCATALOG_COMPILER_APPICON_NAME = AppIcon;
				DEVELOPMENT_TEAM = M7BNZ8D6QY;
				INFOPLIST_FILE = Tetris/Info.plist;
				LD_RUNPATH_SEARCH_PATHS = "$(inherited) @executable_path/Frameworks";
				PRODUCT_BUNDLE_IDENTIFIER = com.yizha.Tetris;
				PRODUCT_NAME = "$(TARGET_NAME)";
				SWIFT_SWIFT3_OBJC_INFERENCE = Off;
				SWIFT_VERSION = 4.0;
			};
			name = Release;
		};
/* End XCBuildConfiguration section */

/* Begin XCConfigurationList section */
		FE01B2041F772321004737D5 /* Build configuration list for PBXProject "Tetris" */ = {
			isa = XCConfigurationList;
			buildConfigurations = (
				FE01B21F1F772321004737D5 /* Debug */,
				FE01B2201F772321004737D5 /* Release */,
			);
			defaultConfigurationIsVisible = 0;
			defaultConfigurationName = Release;
		};
		FE01B2211F772321004737D5 /* Build configuration list for PBXNativeTarget "Tetris" */ = {
			isa = XCConfigurationList;
			buildConfigurations = (
				FE01B2221F772321004737D5 /* Debug */,
				FE01B2231F772321004737D5 /* Release */,
			);
			defaultConfigurationIsVisible = 0;
			defaultConfigurationName = Release;
		};
/* End XCConfigurationList section */
	};
	rootObject = FE01B2011F772321004737D5 /* Project object */;
}
